{
  "pins" : [
    {
      "identity" : "sdk_conversation_kit_ios",
      "kind" : "remoteSourceControl",
      "location" : "https://github.com/zendesk/sdk_conversation_kit_ios",
      "state" : {
        "revision" : "9098b9fd49992b208283c77b7df959282a3dce6a",
        "version" : "6.0.0"
      }
    },
    {
      "identity" : "sdk_core_utilities_ios",
      "kind" : "remoteSourceControl",
      "location" : "https://github.com/zendesk/sdk_core_utilities_ios",
      "state" : {
        "revision" : "5852a7bec4060dc41a0e966f18ab86f1b0fabf59",
        "version" : "2.4.0"
      }
    },
    {
      "identity" : "sdk_faye_client_ios",
      "kind" : "remoteSourceControl",
      "location" : "https://github.com/zendesk/sdk_faye_client_ios",
      "state" : {
        "revision" : "864d2f3bd16e2a08dea050e5681ddab78df2d1ac",
        "version" : "1.9.0"
      }
    },
    {
      "identity" : "sdk_guide_kit_ios",
      "kind" : "remoteSourceControl",
      "location" : "https://github.com/zendesk/sdk_guide_kit_ios",
      "state" : {
        "revision" : "b0bfa155f6749e354660d7c3a382a694eb3351b1",
        "version" : "1.1.0"
      }
    },
    {
      "identity" : "sdk_http_client_ios",
      "kind" : "remoteSourceControl",
      "location" : "https://github.com/zendesk/sdk_http_client_ios",
      "state" : {
        "revision" : "24ac4432dfcf1cdbed7e8634dc14a8d0ebe2d932",
        "version" : "0.16.0"
      }
    },
    {
      "identity" : "sdk_logger_ios",
      "kind" : "remoteSourceControl",
      "location" : "https://github.com/zendesk/sdk_logger_ios",
      "state" : {
        "revision" : "65b730075fc8043c2b4e3ccd4b1eb2be8c098455",
        "version" : "0.10.0"
      }
    },
    {
      "identity" : "sdk_messaging_ios",
      "kind" : "remoteSourceControl",
      "location" : "https://github.com/zendesk/sdk_messaging_ios/",
      "state" : {
        "branch" : "main",
        "revision" : "965e1c811b6170a8e16a5a4d28b4a9e81b917b08"
      }
    },
    {
      "identity" : "sdk_socket_client_ios",
      "kind" : "remoteSourceControl",
      "location" : "https://github.com/zendesk/sdk_socket_client_ios",
      "state" : {
        "revision" : "10f125a3723db0b80c02d0652ca1d23bf85be74e",
        "version" : "1.8.0"
      }
    },
    {
      "identity" : "sdk_storage_ios",
      "kind" : "remoteSourceControl",
      "location" : "https://github.com/zendesk/sdk_storage_ios",
      "state" : {
        "revision" : "cd2831bb0ffd36132b3977d670110be796c2d6e7",
        "version" : "1.1.0"
      }
    },
    {
      "identity" : "sdk_ui_components_ios",
      "kind" : "remoteSourceControl",
      "location" : "https://github.com/zendesk/sdk_ui_components_ios",
      "state" : {
        "revision" : "0588f1ea121d2d5e6e7cf5581ba8495f5be446c0",
        "version" : "9.1.0"
      }
    },
    {
      "identity" : "sdk_zendesk_ios",
      "kind" : "remoteSourceControl",
      "location" : "https://github.com/zendesk/sdk_zendesk_ios",
      "state" : {
        "revision" : "604f9e09bde15727bda69db7de6086fbaaeea5e3",
        "version" : "3.1.0"
      }
    }
  ],
  "version" : 2
}
