{
  "pins" : [
    {
      "identity" : "sdk_conversation_kit_ios",
      "kind" : "remoteSourceControl",
      "location" : "https://github.com/zendesk/sdk_conversation_kit_ios",
      "state" : {
        "revision" : "cbc076bb294dcf506b88b22f1ce64c1a45b47dca",
        "version" : "1.13.0"
      }
    },
    {
      "identity" : "sdk_core_utilities_ios",
      "kind" : "remoteSourceControl",
      "location" : "https://github.com/zendesk/sdk_core_utilities_ios",
      "state" : {
        "revision" : "a3547a67d13ba15998d8fade51aa45053f730957",
        "version" : "1.6.0"
      }
    },
    {
      "identity" : "sdk_faye_client_ios",
      "kind" : "remoteSourceControl",
      "location" : "https://github.com/zendesk/sdk_faye_client_ios",
      "state" : {
        "revision" : "dcf10546726b3e2fd0561f7b17176d8a63e97780",
        "version" : "1.6.0"
      }
    },
    {
      "identity" : "sdk_http_client_ios",
      "kind" : "remoteSourceControl",
      "location" : "https://github.com/zendesk/sdk_http_client_ios",
      "state" : {
        "revision" : "b61ae1a91dded343610f34b589bea240b09debf6",
        "version" : "0.14.0"
      }
    },
    {
      "identity" : "sdk_logger_ios",
      "kind" : "remoteSourceControl",
      "location" : "https://github.com/zendesk/sdk_logger_ios",
      "state" : {
        "revision" : "50d7c7f73190d402fd8b41a44d8aade28039ccb1",
        "version" : "0.9.0"
      }
    },
    {
      "identity" : "sdk_messaging_ios",
      "kind" : "remoteSourceControl",
      "location" : "https://github.com/zendesk/sdk_messaging_ios/",
      "state" : {
        "branch" : "main",
        "revision" : "722fe7a5576a1622172ec914191276250810d6ba"
      }
    },
    {
      "identity" : "sdk_socket_client_ios",
      "kind" : "remoteSourceControl",
      "location" : "https://github.com/zendesk/sdk_socket_client_ios",
      "state" : {
        "revision" : "612e6ccd8c12615162806427663d1ff90b790f50",
        "version" : "1.6.0"
      }
    },
    {
      "identity" : "sdk_storage_ios",
      "kind" : "remoteSourceControl",
      "location" : "https://github.com/zendesk/sdk_storage_ios",
      "state" : {
        "revision" : "fd27ce2275e6a90749c6c3858c831f332d647b96",
        "version" : "0.9.0"
      }
    },
    {
      "identity" : "sdk_ui_components_ios",
      "kind" : "remoteSourceControl",
      "location" : "https://github.com/zendesk/sdk_ui_components_ios",
      "state" : {
        "revision" : "ac458b504d772c6e802f8c42a2a9e1e13dce537b",
        "version" : "3.0.0"
      }
    },
    {
      "identity" : "sdk_zendesk_ios",
      "kind" : "remoteSourceControl",
      "location" : "https://github.com/zendesk/sdk_zendesk_ios",
      "state" : {
        "revision" : "a084c7a0b165be15734ea58809d8a13f0ac04ac9",
        "version" : "1.16.0"
      }
    }
  ],
  "version" : 2
}
