{
  "originHash" : "87b0d994e64bd6ff12eb8bd49f226cd1bce033b40dd2ce373ded3fb31e4d667c",
  "pins" : [
    {
      "identity" : "sdk_conversation_kit_ios",
      "kind" : "remoteSourceControl",
      "location" : "https://github.com/zendesk/sdk_conversation_kit_ios",
      "state" : {
        "revision" : "1bc7636af032fba46ebe3086a9a97fe6cdc61bc5",
        "version" : "11.3.0"
      }
    },
    {
      "identity" : "sdk_core_utilities_ios",
      "kind" : "remoteSourceControl",
      "location" : "https://github.com/zendesk/sdk_core_utilities_ios",
      "state" : {
        "revision" : "e4f06a52b8aa3449f278dc08af160d3c97948c93",
        "version" : "7.2.0"
      }
    },
    {
      "identity" : "sdk_faye_client_ios",
      "kind" : "remoteSourceControl",
      "location" : "https://github.com/zendesk/sdk_faye_client_ios",
      "state" : {
        "revision" : "27a1c6d8719831b90082e6d144bd5f1f4819671c",
        "version" : "1.13.0"
      }
    },
    {
      "identity" : "sdk_guide_kit_ios",
      "kind" : "remoteSourceControl",
      "location" : "https://github.com/zendesk/sdk_guide_kit_ios",
      "state" : {
        "revision" : "e36beaf6608b43f13d6a6b9d49bd3f8c69bf320c",
        "version" : "2.5.0"
      }
    },
    {
      "identity" : "sdk_http_client_ios",
      "kind" : "remoteSourceControl",
      "location" : "https://github.com/zendesk/sdk_http_client_ios",
      "state" : {
        "revision" : "ff892f9be2829259f8a3a2f7e154d3769cc0de0a",
        "version" : "0.20.0"
      }
    },
    {
      "identity" : "sdk_logger_ios",
      "kind" : "remoteSourceControl",
      "location" : "https://github.com/zendesk/sdk_logger_ios",
      "state" : {
        "revision" : "ff6fda2a2c8c2357cf8291704484e21b4381318f",
        "version" : "0.11.0"
      }
    },
    {
      "identity" : "sdk_messaging_ios",
      "kind" : "remoteSourceControl",
      "location" : "https://github.com/zendesk/sdk_messaging_ios/",
      "state" : {
        "branch" : "main",
        "revision" : "07c80765241b9847aa87b3db933d005451d26791"
      }
    },
    {
      "identity" : "sdk_socket_client_ios",
      "kind" : "remoteSourceControl",
      "location" : "https://github.com/zendesk/sdk_socket_client_ios",
      "state" : {
        "revision" : "4937d9e0cc053e9a5bdff0f4b106486ed5c1409e",
        "version" : "1.12.0"
      }
    },
    {
      "identity" : "sdk_storage_ios",
      "kind" : "remoteSourceControl",
      "location" : "https://github.com/zendesk/sdk_storage_ios",
      "state" : {
        "revision" : "3733b0bb697da8bf87d31c71b54ffac9338a82ef",
        "version" : "1.3.0"
      }
    },
    {
      "identity" : "sdk_ui_components_ios",
      "kind" : "remoteSourceControl",
      "location" : "https://github.com/zendesk/sdk_ui_components_ios",
      "state" : {
        "revision" : "963f8a8f03f947302fb4a3156f3c9cd80fa13ead",
        "version" : "13.3.0"
      }
    },
    {
      "identity" : "sdk_zendesk_ios",
      "kind" : "remoteSourceControl",
      "location" : "https://github.com/zendesk/sdk_zendesk_ios",
      "state" : {
        "revision" : "2de78372534a378941e252df654143fa652f28d3",
        "version" : "3.10.0"
      }
    }
  ],
  "version" : 3
}
